
Microsoft Visual Studio Solution File, Format Version 12.00
# Visual Studio Version 16
VisualStudioVersion = 16.0.32228.343
MinimumVisualStudioVersion = 10.0.40219.1
Project("{FAE04EC0-301F-11D3-BF4B-00C04F79EFBC}") = "departmentalstore", "departmentalstore\departmentalstore.csproj", "{5FFA0FED-787F-4739-AEE4-BA1890BA2086}"
EndProject
Global
	GlobalSection(SolutionConfigurationPlatforms) = preSolution
		Debug|Any CPU = Debug|Any CPU
		Release|Any CPU = Release|Any CPU
	EndGlobalSection
	GlobalSection(ProjectConfigurationPlatforms) = postSolution
		{5FFA0FED-787F-4739-AEE4-BA1890BA2086}.Debug|Any CPU.ActiveCfg = Debug|Any CPU
		{5FFA0FED-787F-4739-AEE4-BA1890BA2086}.Debug|Any CPU.Build.0 = Debug|Any CPU
		{5FFA0FED-787F-4739-AEE4-BA1890BA2086}.Release|Any CPU.ActiveCfg = Release|Any CPU
		{5FFA0FED-787F-4739-AEE4-BA1890BA2086}.Release|Any CPU.Build.0 = Release|Any CPU
	EndGlobalSection
	GlobalSection(SolutionProperties) = preSolution
		HideSolutionNode = FALSE
	EndGlobalSection
	GlobalSection(ExtensibilityGlobals) = postSolution
		SolutionGuid = {609B3E41-5739-4C39-BA13-5A109BA79AC1}
	EndGlobalSection
EndGlobal
