
Microsoft Visual Studio Solution File, Format Version 12.00
# Visual Studio Version 16
VisualStudioVersion = 16.0.32228.343
MinimumVisualStudioVersion = 10.0.40219.1
Project("{FAE04EC0-301F-11D3-BF4B-00C04F79EFBC}") = "task1", "task1\task1.csproj", "{B9FE7E61-DF3E-47BD-8BB9-36BBE4350BB4}"
EndProject
Global
	GlobalSection(SolutionConfigurationPlatforms) = preSolution
		Debug|Any CPU = Debug|Any CPU
		Release|Any CPU = Release|Any CPU
	EndGlobalSection
	GlobalSection(ProjectConfigurationPlatforms) = postSolution
		{B9FE7E61-DF3E-47BD-8BB9-36BBE4350BB4}.Debug|Any CPU.ActiveCfg = Debug|Any CPU
		{B9FE7E61-DF3E-47BD-8BB9-36BBE4350BB4}.Debug|Any CPU.Build.0 = Debug|Any CPU
		{B9FE7E61-DF3E-47BD-8BB9-36BBE4350BB4}.Release|Any CPU.ActiveCfg = Release|Any CPU
		{B9FE7E61-DF3E-47BD-8BB9-36BBE4350BB4}.Release|Any CPU.Build.0 = Release|Any CPU
	EndGlobalSection
	GlobalSection(SolutionProperties) = preSolution
		HideSolutionNode = FALSE
	EndGlobalSection
	GlobalSection(ExtensibilityGlobals) = postSolution
		SolutionGuid = {46520BCC-DE08-4AE5-A368-08481DC78C7F}
	EndGlobalSection
EndGlobal
